# This file is automatically @generated by Cargo.
# It is not intended for manual editing.
version = 4

[[package]]
name = "mono-uart-recovery"
version = "0.1.0"
dependencies = [
 "mono-uart-recovery-protocol",
]

[[package]]
name = "mono-uart-recovery-protocol"
version = "0.1.0"

[[package]]
name = "mono-uart-recovery-stub"
version = "0.1.0"
dependencies = [
 "mono-uart-recovery-protocol",
]
